
Microsoft Visual Studio Solution File, Format Version 12.00
# Visual Studio Version 17
VisualStudioVersion = 17.9.34622.214
MinimumVisualStudioVersion = 10.0.40219.1
Project("{FAE04EC0-301F-11D3-BF4B-00C04F79EFBC}") = "exam", "exam.csproj", "{EA4BDA86-ED3E-41CF-A7BF-DF7D91A61564}"
EndProject
Global
	GlobalSection(SolutionConfigurationPlatforms) = preSolution
		Debug|Any CPU = Debug|Any CPU
		Release|Any CPU = Release|Any CPU
	EndGlobalSection
	GlobalSection(ProjectConfigurationPlatforms) = postSolution
		{EA4BDA86-ED3E-41CF-A7BF-DF7D91A61564}.Debug|Any CPU.ActiveCfg = Debug|Any CPU
		{EA4BDA86-ED3E-41CF-A7BF-DF7D91A61564}.Debug|Any CPU.Build.0 = Debug|Any CPU
		{EA4BDA86-ED3E-41CF-A7BF-DF7D91A61564}.Release|Any CPU.ActiveCfg = Release|Any CPU
		{EA4BDA86-ED3E-41CF-A7BF-DF7D91A61564}.Release|Any CPU.Build.0 = Release|Any CPU
	EndGlobalSection
	GlobalSection(SolutionProperties) = preSolution
		HideSolutionNode = FALSE
	EndGlobalSection
	GlobalSection(ExtensibilityGlobals) = postSolution
		SolutionGuid = {7AFD2E53-6C46-4374-9231-4DAE2633471C}
	EndGlobalSection
EndGlobal
